
Microsoft Visual Studio Solution File, Format Version 12.00
# Visual Studio Version 16
VisualStudioVersion = 16.0.31402.337
MinimumVisualStudioVersion = 10.0.40219.1
Project("{FAE04EC0-301F-11D3-BF4B-00C04F79EFBC}") = "ClienteSeguro", "ClienteSeguro\ClienteSeguro.csproj", "{7EE06E86-51C4-4E45-8AFB-5C2548E0EC46}"
EndProject
Project("{FAE04EC0-301F-11D3-BF4B-00C04F79EFBC}") = "Insurance", "Insurance\Insurance.csproj", "{A330EB93-F164-4AF8-92C0-98EE6744C943}"
EndProject
Global
	GlobalSection(SolutionConfigurationPlatforms) = preSolution
		Debug|Any CPU = Debug|Any CPU
		Release|Any CPU = Release|Any CPU
	EndGlobalSection
	GlobalSection(ProjectConfigurationPlatforms) = postSolution
		{7EE06E86-51C4-4E45-8AFB-5C2548E0EC46}.Debug|Any CPU.ActiveCfg = Debug|Any CPU
		{7EE06E86-51C4-4E45-8AFB-5C2548E0EC46}.Debug|Any CPU.Build.0 = Debug|Any CPU
		{7EE06E86-51C4-4E45-8AFB-5C2548E0EC46}.Release|Any CPU.ActiveCfg = Release|Any CPU
		{7EE06E86-51C4-4E45-8AFB-5C2548E0EC46}.Release|Any CPU.Build.0 = Release|Any CPU
		{A330EB93-F164-4AF8-92C0-98EE6744C943}.Debug|Any CPU.ActiveCfg = Debug|Any CPU
		{A330EB93-F164-4AF8-92C0-98EE6744C943}.Debug|Any CPU.Build.0 = Debug|Any CPU
		{A330EB93-F164-4AF8-92C0-98EE6744C943}.Release|Any CPU.ActiveCfg = Release|Any CPU
		{A330EB93-F164-4AF8-92C0-98EE6744C943}.Release|Any CPU.Build.0 = Release|Any CPU
	EndGlobalSection
	GlobalSection(SolutionProperties) = preSolution
		HideSolutionNode = FALSE
	EndGlobalSection
	GlobalSection(ExtensibilityGlobals) = postSolution
		SolutionGuid = {1B48CA91-5B5B-41B2-BE2B-428B08480CA9}
	EndGlobalSection
EndGlobal
